
Microsoft Visual Studio Solution File, Format Version 12.00
# Visual Studio Version 17
VisualStudioVersion = 17.7.34202.233
MinimumVisualStudioVersion = 10.0.40219.1
Project("{FAE04EC0-301F-11D3-BF4B-00C04F79EFBC}") = "module.scrypy", "module.scrypy\module.scrypy.csproj", "{342621F3-587F-46E4-B267-16ABFFF91C47}"
EndProject
Global
	GlobalSection(SolutionConfigurationPlatforms) = preSolution
		Debug|Any CPU = Debug|Any CPU
		Release|Any CPU = Release|Any CPU
	EndGlobalSection
	GlobalSection(ProjectConfigurationPlatforms) = postSolution
		{342621F3-587F-46E4-B267-16ABFFF91C47}.Debug|Any CPU.ActiveCfg = Debug|Any CPU
		{342621F3-587F-46E4-B267-16ABFFF91C47}.Debug|Any CPU.Build.0 = Debug|Any CPU
		{342621F3-587F-46E4-B267-16ABFFF91C47}.Release|Any CPU.ActiveCfg = Release|Any CPU
		{342621F3-587F-46E4-B267-16ABFFF91C47}.Release|Any CPU.Build.0 = Release|Any CPU
	EndGlobalSection
	GlobalSection(SolutionProperties) = preSolution
		HideSolutionNode = FALSE
	EndGlobalSection
	GlobalSection(ExtensibilityGlobals) = postSolution
		SolutionGuid = {3948BEA9-3C64-4272-96BA-95D0D5F83175}
	EndGlobalSection
EndGlobal
